
Microsoft Visual Studio Solution File, Format Version 12.00
# Visual Studio Version 16
VisualStudioVersion = 16.0.31624.102
MinimumVisualStudioVersion = 10.0.40219.1
Project("{8BC9CEB8-8B4A-11D0-8D11-00A0C91BC942}") = "first_Plug-in_StandalonePlugin", "first_Plug-in_StandalonePlugin.vcxproj", "{75635794-2093-1171-A80C-257E68AE4558}"
	ProjectSection(ProjectDependencies) = postProject
		{40917FBC-43ED-BE80-9BA4-CDAD127F13E7} = {40917FBC-43ED-BE80-9BA4-CDAD127F13E7}
	EndProjectSection
EndProject
Project("{8BC9CEB8-8B4A-11D0-8D11-00A0C91BC942}") = "first_Plug-in_VST3", "first_Plug-in_VST3.vcxproj", "{33213779-803F-50DF-4977-54E86B4F3BA2}"
	ProjectSection(ProjectDependencies) = postProject
		{40917FBC-43ED-BE80-9BA4-CDAD127F13E7} = {40917FBC-43ED-BE80-9BA4-CDAD127F13E7}
	EndProjectSection
EndProject
Project("{8BC9CEB8-8B4A-11D0-8D11-00A0C91BC942}") = "first_Plug-in_SharedCode", "first_Plug-in_SharedCode.vcxproj", "{40917FBC-43ED-BE80-9BA4-CDAD127F13E7}"
EndProject
Global
	GlobalSection(SolutionConfigurationPlatforms) = preSolution
		Debug|x64 = Debug|x64
		Release|x64 = Release|x64
	EndGlobalSection
	GlobalSection(ProjectConfigurationPlatforms) = postSolution
		{75635794-2093-1171-A80C-257E68AE4558}.Debug|x64.ActiveCfg = Debug|x64
		{75635794-2093-1171-A80C-257E68AE4558}.Debug|x64.Build.0 = Debug|x64
		{75635794-2093-1171-A80C-257E68AE4558}.Release|x64.ActiveCfg = Release|x64
		{75635794-2093-1171-A80C-257E68AE4558}.Release|x64.Build.0 = Release|x64
		{33213779-803F-50DF-4977-54E86B4F3BA2}.Debug|x64.ActiveCfg = Debug|x64
		{33213779-803F-50DF-4977-54E86B4F3BA2}.Debug|x64.Build.0 = Debug|x64
		{33213779-803F-50DF-4977-54E86B4F3BA2}.Release|x64.ActiveCfg = Release|x64
		{33213779-803F-50DF-4977-54E86B4F3BA2}.Release|x64.Build.0 = Release|x64
		{40917FBC-43ED-BE80-9BA4-CDAD127F13E7}.Debug|x64.ActiveCfg = Debug|x64
		{40917FBC-43ED-BE80-9BA4-CDAD127F13E7}.Debug|x64.Build.0 = Debug|x64
		{40917FBC-43ED-BE80-9BA4-CDAD127F13E7}.Release|x64.ActiveCfg = Release|x64
		{40917FBC-43ED-BE80-9BA4-CDAD127F13E7}.Release|x64.Build.0 = Release|x64
	EndGlobalSection
	GlobalSection(SolutionProperties) = preSolution
		HideSolutionNode = FALSE
	EndGlobalSection
	GlobalSection(ExtensibilityGlobals) = postSolution
		SolutionGuid = {558DC260-7D9E-449A-9993-6E863B4B2440}
	EndGlobalSection
EndGlobal
